
Microsoft Visual Studio Solution File, Format Version 12.00
# Visual Studio Version 17
VisualStudioVersion = 17.11.35303.130
MinimumVisualStudioVersion = 10.0.40219.1
Project("{FAE04EC0-301F-11D3-BF4B-00C04F79EFBC}") = "CartolaApi", "CartolaApi\CartolaApi.csproj", "{BD3AFDBC-88A0-4749-A7F4-6926D0CA12C0}"
EndProject
Global
	GlobalSection(SolutionConfigurationPlatforms) = preSolution
		Debug|Any CPU = Debug|Any CPU
		Release|Any CPU = Release|Any CPU
	EndGlobalSection
	GlobalSection(ProjectConfigurationPlatforms) = postSolution
		{BD3AFDBC-88A0-4749-A7F4-6926D0CA12C0}.Debug|Any CPU.ActiveCfg = Debug|Any CPU
		{BD3AFDBC-88A0-4749-A7F4-6926D0CA12C0}.Debug|Any CPU.Build.0 = Debug|Any CPU
		{BD3AFDBC-88A0-4749-A7F4-6926D0CA12C0}.Release|Any CPU.ActiveCfg = Release|Any CPU
		{BD3AFDBC-88A0-4749-A7F4-6926D0CA12C0}.Release|Any CPU.Build.0 = Release|Any CPU
	EndGlobalSection
	GlobalSection(SolutionProperties) = preSolution
		HideSolutionNode = FALSE
	EndGlobalSection
	GlobalSection(ExtensibilityGlobals) = postSolution
		SolutionGuid = {2BAEC576-F118-45DD-AE87-F95E0CA4291E}
	EndGlobalSection
EndGlobal
